// !$*UTF8*$!
{
	archiveVersion = 1;
	classes = {
	};
	objectVersion = 46;
	objects = {

/* Begin PBXBuildFile section */
		046A652B1DE62A7900F14F40 /* AppDelegate.swift in Sources */ = {isa = PBXBuildFile; fileRef = 046A652A1DE62A7900F14F40 /* AppDelegate.swift */; };
		046A65301DE62A7900F14F40 /* Main.storyboard in Resources */ = {isa = PBXBuildFile; fileRef = 046A652E1DE62A7900F14F40 /* Main.storyboard */; };
		046A65321DE62A7900F14F40 /* Assets.xcassets in Resources */ = {isa = PBXBuildFile; fileRef = 046A65311DE62A7900F14F40 /* Assets.xcassets */; };
		046A65351DE62A7900F14F40 /* LaunchScreen.storyboard in Resources */ = {isa = PBXBuildFile; fileRef = 046A65331DE62A7900F14F40 /* LaunchScreen.storyboard */; };
		046A65411DE62AD500F14F40 /* SlideOutMenu.storyboard in Resources */ = {isa = PBXBuildFile; fileRef = 046A65401DE62AD500F14F40 /* SlideOutMenu.storyboard */; };
		046A65431DE62B1800F14F40 /* ContainerViewController.swift in Sources */ = {isa = PBXBuildFile; fileRef = 046A65421DE62B1800F14F40 /* ContainerViewController.swift */; };
		046A65461DE62BEF00F14F40 /* MenuDelegate.swift in Sources */ = {isa = PBXBuildFile; fileRef = 046A65451DE62BEF00F14F40 /* MenuDelegate.swift */; };
		046A65481DE62C2300F14F40 /* CenterViewControllerDelegate.swift in Sources */ = {isa = PBXBuildFile; fileRef = 046A65471DE62C2300F14F40 /* CenterViewControllerDelegate.swift */; };
		046A654B1DE62E4500F14F40 /* FirstViewController.swift in Sources */ = {isa = PBXBuildFile; fileRef = 046A654A1DE62E4500F14F40 /* FirstViewController.swift */; };
		046A654E1DE62EF700F14F40 /* UIStoryboardExtension.swift in Sources */ = {isa = PBXBuildFile; fileRef = 046A654D1DE62EF700F14F40 /* UIStoryboardExtension.swift */; };
		046A65501DE6305600F14F40 /* SecondViewController.swift in Sources */ = {isa = PBXBuildFile; fileRef = 046A654F1DE6305600F14F40 /* SecondViewController.swift */; };
		046A65521DE6312700F14F40 /* SidePanelViewControllerDelegate.swift in Sources */ = {isa = PBXBuildFile; fileRef = 046A65511DE6312700F14F40 /* SidePanelViewControllerDelegate.swift */; };
		046A65551DE6319400F14F40 /* SlideOutState.swift in Sources */ = {isa = PBXBuildFile; fileRef = 046A65541DE6319400F14F40 /* SlideOutState.swift */; };
		046A65571DE632A900F14F40 /* LeftMenuTableViewController.swift in Sources */ = {isa = PBXBuildFile; fileRef = 046A65561DE632A900F14F40 /* LeftMenuTableViewController.swift */; };
		04D99A301DEAE93F00CCB216 /* Identifiers.swift in Sources */ = {isa = PBXBuildFile; fileRef = 04D99A2F1DEAE93F00CCB216 /* Identifiers.swift */; };
/* End PBXBuildFile section */

/* Begin PBXFileReference section */
		046A65271DE62A7900F14F40 /* SlideOutMenuSwift3Version.app */ = {isa = PBXFileReference; explicitFileType = wrapper.application; includeInIndex = 0; path = SlideOutMenuSwift3Version.app; sourceTree = BUILT_PRODUCTS_DIR; };
		046A652A1DE62A7900F14F40 /* AppDelegate.swift */ = {isa = PBXFileReference; lastKnownFileType = sourcecode.swift; path = AppDelegate.swift; sourceTree = "<group>"; };
		046A652F1DE62A7900F14F40 /* Base */ = {isa = PBXFileReference; lastKnownFileType = file.storyboard; name = Base; path = Base.lproj/Main.storyboard; sourceTree = "<group>"; };
		046A65311DE62A7900F14F40 /* Assets.xcassets */ = {isa = PBXFileReference; lastKnownFileType = folder.assetcatalog; path = Assets.xcassets; sourceTree = "<group>"; };
		046A65341DE62A7900F14F40 /* Base */ = {isa = PBXFileReference; lastKnownFileType = file.storyboard; name = Base; path = Base.lproj/LaunchScreen.storyboard; sourceTree = "<group>"; };
		046A65361DE62A7900F14F40 /* Info.plist */ = {isa = PBXFileReference; lastKnownFileType = text.plist.xml; path = Info.plist; sourceTree = "<group>"; };
		046A65401DE62AD500F14F40 /* SlideOutMenu.storyboard */ = {isa = PBXFileReference; fileEncoding = 4; lastKnownFileType = file.storyboard; name = SlideOutMenu.storyboard; path = Storyboards/SlideOutMenu.storyboard; sourceTree = "<group>"; };
		046A65421DE62B1800F14F40 /* ContainerViewController.swift */ = {isa = PBXFileReference; fileEncoding = 4; lastKnownFileType = sourcecode.swift; name = ContainerViewController.swift; path = ViewControllers/SlideOutMenuViewControllers/ContainerViewController.swift; sourceTree = "<group>"; };
		046A65451DE62BEF00F14F40 /* MenuDelegate.swift */ = {isa = PBXFileReference; fileEncoding = 4; lastKnownFileType = sourcecode.swift; name = MenuDelegate.swift; path = Protocols/MenuDelegate.swift; sourceTree = "<group>"; };
		046A65471DE62C2300F14F40 /* CenterViewControllerDelegate.swift */ = {isa = PBXFileReference; fileEncoding = 4; lastKnownFileType = sourcecode.swift; name = CenterViewControllerDelegate.swift; path = Protocols/CenterViewControllerDelegate.swift; sourceTree = "<group>"; };
		046A654A1DE62E4500F14F40 /* FirstViewController.swift */ = {isa = PBXFileReference; fileEncoding = 4; lastKnownFileType = sourcecode.swift; name = FirstViewController.swift; path = ViewControllers/FirstViewController.swift; sourceTree = "<group>"; };
		046A654D1DE62EF700F14F40 /* UIStoryboardExtension.swift */ = {isa = PBXFileReference; fileEncoding = 4; lastKnownFileType = sourcecode.swift; name = UIStoryboardExtension.swift; path = Extensions/UIStoryboardExtension.swift; sourceTree = "<group>"; };
		046A654F1DE6305600F14F40 /* SecondViewController.swift */ = {isa = PBXFileReference; fileEncoding = 4; lastKnownFileType = sourcecode.swift; name = SecondViewController.swift; path = ViewControllers/SecondViewController.swift; sourceTree = "<group>"; };
		046A65511DE6312700F14F40 /* SidePanelViewControllerDelegate.swift */ = {isa = PBXFileReference; fileEncoding = 4; lastKnownFileType = sourcecode.swift; name = SidePanelViewControllerDelegate.swift; path = Protocols/SidePanelViewControllerDelegate.swift; sourceTree = "<group>"; };
		046A65541DE6319400F14F40 /* SlideOutState.swift */ = {isa = PBXFileReference; fileEncoding = 4; lastKnownFileType = sourcecode.swift; name = SlideOutState.swift; path = Enums/SlideOutState.swift; sourceTree = "<group>"; };
		046A65561DE632A900F14F40 /* LeftMenuTableViewController.swift */ = {isa = PBXFileReference; fileEncoding = 4; lastKnownFileType = sourcecode.swift; name = LeftMenuTableViewController.swift; path = ViewControllers/SlideOutMenuViewControllers/LeftMenuTableViewController.swift; sourceTree = "<group>"; };
		04D99A2F1DEAE93F00CCB216 /* Identifiers.swift */ = {isa = PBXFileReference; fileEncoding = 4; lastKnownFileType = sourcecode.swift; name = Identifiers.swift; path = Helpers/Identifiers.swift; sourceTree = "<group>"; };
/* End PBXFileReference section */

/* Begin PBXFrameworksBuildPhase section */
		046A65241DE62A7900F14F40 /* Frameworks */ = {
			isa = PBXFrameworksBuildPhase;
			buildActionMask = 2147483647;
			files = (
			);
			runOnlyForDeploymentPostprocessing = 0;
		};
/* End PBXFrameworksBuildPhase section */

/* Begin PBXGroup section */
		046A651E1DE62A7900F14F40 = {
			isa = PBXGroup;
			children = (
				046A65291DE62A7900F14F40 /* SlideOutMenuSwift3Version */,
				046A65281DE62A7900F14F40 /* Products */,
			);
			sourceTree = "<group>";
		};
		046A65281DE62A7900F14F40 /* Products */ = {
			isa = PBXGroup;
			children = (
				046A65271DE62A7900F14F40 /* SlideOutMenuSwift3Version.app */,
			);
			name = Products;
			sourceTree = "<group>";
		};
		046A65291DE62A7900F14F40 /* SlideOutMenuSwift3Version */ = {
			isa = PBXGroup;
			children = (
				04D99A2E1DEAE92900CCB216 /* Helpers */,
				046A65531DE6318200F14F40 /* Enums */,
				046A654C1DE62EDA00F14F40 /* Extensions */,
				046A65441DE62BD200F14F40 /* Protocols */,
				046A653E1DE62A9D00F14F40 /* SupportingFiles */,
				046A653C1DE62A8600F14F40 /* ViewControllers */,
				046A653F1DE62AB300F14F40 /* Storyboards */,
			);
			path = SlideOutMenuSwift3Version;
			sourceTree = "<group>";
		};
		046A653C1DE62A8600F14F40 /* ViewControllers */ = {
			isa = PBXGroup;
			children = (
				046A653D1DE62A8E00F14F40 /* SlideOutMenuViewControllers */,
				04D99A2D1DEAE77400CCB216 /* MainViewControllers */,
			);
			name = ViewControllers;
			sourceTree = "<group>";
		};
		046A653D1DE62A8E00F14F40 /* SlideOutMenuViewControllers */ = {
			isa = PBXGroup;
			children = (
				046A65421DE62B1800F14F40 /* ContainerViewController.swift */,
				046A65561DE632A900F14F40 /* LeftMenuTableViewController.swift */,
			);
			name = SlideOutMenuViewControllers;
			sourceTree = "<group>";
		};
		046A653E1DE62A9D00F14F40 /* SupportingFiles */ = {
			isa = PBXGroup;
			children = (
				046A652A1DE62A7900F14F40 /* AppDelegate.swift */,
				046A65311DE62A7900F14F40 /* Assets.xcassets */,
				046A65331DE62A7900F14F40 /* LaunchScreen.storyboard */,
				046A65361DE62A7900F14F40 /* Info.plist */,
			);
			name = SupportingFiles;
			sourceTree = "<group>";
		};
		046A653F1DE62AB300F14F40 /* Storyboards */ = {
			isa = PBXGroup;
			children = (
				046A652E1DE62A7900F14F40 /* Main.storyboard */,
				046A65401DE62AD500F14F40 /* SlideOutMenu.storyboard */,
			);
			name = Storyboards;
			sourceTree = "<group>";
		};
		046A65441DE62BD200F14F40 /* Protocols */ = {
			isa = PBXGroup;
			children = (
				046A65451DE62BEF00F14F40 /* MenuDelegate.swift */,
				046A65471DE62C2300F14F40 /* CenterViewControllerDelegate.swift */,
				046A65511DE6312700F14F40 /* SidePanelViewControllerDelegate.swift */,
			);
			name = Protocols;
			sourceTree = "<group>";
		};
		046A654C1DE62EDA00F14F40 /* Extensions */ = {
			isa = PBXGroup;
			children = (
				046A654D1DE62EF700F14F40 /* UIStoryboardExtension.swift */,
			);
			name = Extensions;
			sourceTree = "<group>";
		};
		046A65531DE6318200F14F40 /* Enums */ = {
			isa = PBXGroup;
			children = (
				046A65541DE6319400F14F40 /* SlideOutState.swift */,
			);
			name = Enums;
			sourceTree = "<group>";
		};
		04D99A2D1DEAE77400CCB216 /* MainViewControllers */ = {
			isa = PBXGroup;
			children = (
				046A654A1DE62E4500F14F40 /* FirstViewController.swift */,
				046A654F1DE6305600F14F40 /* SecondViewController.swift */,
			);
			name = MainViewControllers;
			sourceTree = "<group>";
		};
		04D99A2E1DEAE92900CCB216 /* Helpers */ = {
			isa = PBXGroup;
			children = (
				04D99A2F1DEAE93F00CCB216 /* Identifiers.swift */,
			);
			name = Helpers;
			sourceTree = "<group>";
		};
/* End PBXGroup section */

/* Begin PBXNativeTarget section */
		046A65261DE62A7900F14F40 /* SlideOutMenuSwift3Version */ = {
			isa = PBXNativeTarget;
			buildConfigurationList = 046A65391DE62A7900F14F40 /* Build configuration list for PBXNativeTarget "SlideOutMenuSwift3Version" */;
			buildPhases = (
				046A65231DE62A7900F14F40 /* Sources */,
				046A65241DE62A7900F14F40 /* Frameworks */,
				046A65251DE62A7900F14F40 /* Resources */,
			);
			buildRules = (
			);
			dependencies = (
			);
			name = SlideOutMenuSwift3Version;
			productName = SlideOutMenuSwift3Version;
			productReference = 046A65271DE62A7900F14F40 /* SlideOutMenuSwift3Version.app */;
			productType = "com.apple.product-type.application";
		};
/* End PBXNativeTarget section */

/* Begin PBXProject section */
		046A651F1DE62A7900F14F40 /* Project object */ = {
			isa = PBXProject;
			attributes = {
				LastSwiftUpdateCheck = 0800;
				LastUpgradeCheck = 0800;
				ORGANIZATIONNAME = "Jovan Ivanovski";
				TargetAttributes = {
					046A65261DE62A7900F14F40 = {
						CreatedOnToolsVersion = 8.0;
						DevelopmentTeam = 8F6DS27GJ5;
						ProvisioningStyle = Automatic;
					};
				};
			};
			buildConfigurationList = 046A65221DE62A7900F14F40 /* Build configuration list for PBXProject "SlideOutMenuSwift3Version" */;
			compatibilityVersion = "Xcode 3.2";
			developmentRegion = English;
			hasScannedForEncodings = 0;
			knownRegions = (
				en,
				Base,
			);
			mainGroup = 046A651E1DE62A7900F14F40;
			productRefGroup = 046A65281DE62A7900F14F40 /* Products */;
			projectDirPath = "";
			projectRoot = "";
			targets = (
				046A65261DE62A7900F14F40 /* SlideOutMenuSwift3Version */,
			);
		};
/* End PBXProject section */

/* Begin PBXResourcesBuildPhase section */
		046A65251DE62A7900F14F40 /* Resources */ = {
			isa = PBXResourcesBuildPhase;
			buildActionMask = 2147483647;
			files = (
				046A65411DE62AD500F14F40 /* SlideOutMenu.storyboard in Resources */,
				046A65351DE62A7900F14F40 /* LaunchScreen.storyboard in Resources */,
				046A65321DE62A7900F14F40 /* Assets.xcassets in Resources */,
				046A65301DE62A7900F14F40 /* Main.storyboard in Resources */,
			);
			runOnlyForDeploymentPostprocessing = 0;
		};
/* End PBXResourcesBuildPhase section */

/* Begin PBXSourcesBuildPhase section */
		046A65231DE62A7900F14F40 /* Sources */ = {
			isa = PBXSourcesBuildPhase;
			buildActionMask = 2147483647;
			files = (
				046A65551DE6319400F14F40 /* SlideOutState.swift in Sources */,
				046A65571DE632A900F14F40 /* LeftMenuTableViewController.swift in Sources */,
				046A65461DE62BEF00F14F40 /* MenuDelegate.swift in Sources */,
				046A65431DE62B1800F14F40 /* ContainerViewController.swift in Sources */,
				046A65501DE6305600F14F40 /* SecondViewController.swift in Sources */,
				046A652B1DE62A7900F14F40 /* AppDelegate.swift in Sources */,
				046A65481DE62C2300F14F40 /* CenterViewControllerDelegate.swift in Sources */,
				046A654E1DE62EF700F14F40 /* UIStoryboardExtension.swift in Sources */,
				046A654B1DE62E4500F14F40 /* FirstViewController.swift in Sources */,
				046A65521DE6312700F14F40 /* SidePanelViewControllerDelegate.swift in Sources */,
				04D99A301DEAE93F00CCB216 /* Identifiers.swift in Sources */,
			);
			runOnlyForDeploymentPostprocessing = 0;
		};
/* End PBXSourcesBuildPhase section */

/* Begin PBXVariantGroup section */
		046A652E1DE62A7900F14F40 /* Main.storyboard */ = {
			isa = PBXVariantGroup;
			children = (
				046A652F1DE62A7900F14F40 /* Base */,
			);
			name = Main.storyboard;
			sourceTree = "<group>";
		};
		046A65331DE62A7900F14F40 /* LaunchScreen.storyboard */ = {
			isa = PBXVariantGroup;
			children = (
				046A65341DE62A7900F14F40 /* Base */,
			);
			name = LaunchScreen.storyboard;
			sourceTree = "<group>";
		};
/* End PBXVariantGroup section */

/* Begin XCBuildConfiguration section */
		046A65371DE62A7900F14F40 /* Debug */ = {
			isa = XCBuildConfiguration;
			buildSettings = {
				ALWAYS_SEARCH_USER_PATHS = NO;
				CLANG_ANALYZER_NONNULL = YES;
				CLANG_CXX_LANGUAGE_STANDARD = "gnu++0x";
				CLANG_CXX_LIBRARY = "libc++";
				CLANG_ENABLE_MODULES = YES;
				CLANG_ENABLE_OBJC_ARC = YES;
				CLANG_WARN_BOOL_CONVERSION = YES;
				CLANG_WARN_CONSTANT_CONVERSION = YES;
				CLANG_WARN_DIRECT_OBJC_ISA_USAGE = YES_ERROR;
				CLANG_WARN_DOCUMENTATION_COMMENTS = YES;
				CLANG_WARN_EMPTY_BODY = YES;
				CLANG_WARN_ENUM_CONVERSION = YES;
				CLANG_WARN_INFINITE_RECURSION = YES;
				CLANG_WARN_INT_CONVERSION = YES;
				CLANG_WARN_OBJC_ROOT_CLASS = YES_ERROR;
				CLANG_WARN_SUSPICIOUS_MOVES = YES;
				CLANG_WARN_UNREACHABLE_CODE = YES;
				CLANG_WARN__DUPLICATE_METHOD_MATCH = YES;
				"CODE_SIGN_IDENTITY[sdk=iphoneos*]" = "iPhone Developer";
				COPY_PHASE_STRIP = NO;
				DEBUG_INFORMATION_FORMAT = dwarf;
				ENABLE_STRICT_OBJC_MSGSEND = YES;
				ENABLE_TESTABILITY = YES;
				GCC_C_LANGUAGE_STANDARD = gnu99;
				GCC_DYNAMIC_NO_PIC = NO;
				GCC_NO_COMMON_BLOCKS = YES;
				GCC_OPTIMIZATION_LEVEL = 0;
				GCC_PREPROCESSOR_DEFINITIONS = (
					"DEBUG=1",
					"$(inherited)",
				);
				GCC_WARN_64_TO_32_BIT_CONVERSION = YES;
				GCC_WARN_ABOUT_RETURN_TYPE = YES_ERROR;
				GCC_WARN_UNDECLARED_SELECTOR = YES;
				GCC_WARN_UNINITIALIZED_AUTOS = YES_AGGRESSIVE;
				GCC_WARN_UNUSED_FUNCTION = YES;
				GCC_WARN_UNUSED_VARIABLE = YES;
				IPHONEOS_DEPLOYMENT_TARGET = 10.0;
				MTL_ENABLE_DEBUG_INFO = YES;
				ONLY_ACTIVE_ARCH = YES;
				SDKROOT = iphoneos;
				SWIFT_ACTIVE_COMPILATION_CONDITIONS = DEBUG;
				SWIFT_OPTIMIZATION_LEVEL = "-Onone";
				TARGETED_DEVICE_FAMILY = "1,2";
			};
			name = Debug;
		};
		046A65381DE62A7900F14F40 /* Release */ = {
			isa = XCBuildConfiguration;
			buildSettings = {
				ALWAYS_SEARCH_USER_PATHS = NO;
				CLANG_ANALYZER_NONNULL = YES;
				CLANG_CXX_LANGUAGE_STANDARD = "gnu++0x";
				CLANG_CXX_LIBRARY = "libc++";
				CLANG_ENABLE_MODULES = YES;
				CLANG_ENABLE_OBJC_ARC = YES;
				CLANG_WARN_BOOL_CONVERSION = YES;
				CLANG_WARN_CONSTANT_CONVERSION = YES;
				CLANG_WARN_DIRECT_OBJC_ISA_USAGE = YES_ERROR;
				CLANG_WARN_DOCUMENTATION_COMMENTS = YES;
				CLANG_WARN_EMPTY_BODY = YES;
				CLANG_WARN_ENUM_CONVERSION = YES;
				CLANG_WARN_INFINITE_RECURSION = YES;
				CLANG_WARN_INT_CONVERSION = YES;
				CLANG_WARN_OBJC_ROOT_CLASS = YES_ERROR;
				CLANG_WARN_SUSPICIOUS_MOVES = YES;
				CLANG_WARN_UNREACHABLE_CODE = YES;
				CLANG_WARN__DUPLICATE_METHOD_MATCH = YES;
				"CODE_SIGN_IDENTITY[sdk=iphoneos*]" = "iPhone Developer";
				COPY_PHASE_STRIP = NO;
				DEBUG_INFORMATION_FORMAT = "dwarf-with-dsym";
				ENABLE_NS_ASSERTIONS = NO;
				ENABLE_STRICT_OBJC_MSGSEND = YES;
				GCC_C_LANGUAGE_STANDARD = gnu99;
				GCC_NO_COMMON_BLOCKS = YES;
				GCC_WARN_64_TO_32_BIT_CONVERSION = YES;
				GCC_WARN_ABOUT_RETURN_TYPE = YES_ERROR;
				GCC_WARN_UNDECLARED_SELECTOR = YES;
				GCC_WARN_UNINITIALIZED_AUTOS = YES_AGGRESSIVE;
				GCC_WARN_UNUSED_FUNCTION = YES;
				GCC_WARN_UNUSED_VARIABLE = YES;
				IPHONEOS_DEPLOYMENT_TARGET = 10.0;
				MTL_ENABLE_DEBUG_INFO = NO;
				SDKROOT = iphoneos;
				SWIFT_OPTIMIZATION_LEVEL = "-Owholemodule";
				TARGETED_DEVICE_FAMILY = "1,2";
				VALIDATE_PRODUCT = YES;
			};
			name = Release;
		};
		046A653A1DE62A7900F14F40 /* Debug */ = {
			isa = XCBuildConfiguration;
			buildSettings = {
				ASSETCATALOG_COMPILER_APPICON_NAME = AppIcon;
				DEVELOPMENT_TEAM = 8F6DS27GJ5;
				INFOPLIST_FILE = SlideOutMenuSwift3Version/Info.plist;
				LD_RUNPATH_SEARCH_PATHS = "$(inherited) @executable_path/Frameworks";
				PRODUCT_BUNDLE_IDENTIFIER = com.ji.SlideOutMenuSwift3Version;
				PRODUCT_NAME = "$(TARGET_NAME)";
				SWIFT_VERSION = 3.0;
			};
			name = Debug;
		};
		046A653B1DE62A7900F14F40 /* Release */ = {
			isa = XCBuildConfiguration;
			buildSettings = {
				ASSETCATALOG_COMPILER_APPICON_NAME = AppIcon;
				DEVELOPMENT_TEAM = 8F6DS27GJ5;
				INFOPLIST_FILE = SlideOutMenuSwift3Version/Info.plist;
				LD_RUNPATH_SEARCH_PATHS = "$(inherited) @executable_path/Frameworks";
				PRODUCT_BUNDLE_IDENTIFIER = com.ji.SlideOutMenuSwift3Version;
				PRODUCT_NAME = "$(TARGET_NAME)";
				SWIFT_VERSION = 3.0;
			};
			name = Release;
		};
/* End XCBuildConfiguration section */

/* Begin XCConfigurationList section */
		046A65221DE62A7900F14F40 /* Build configuration list for PBXProject "SlideOutMenuSwift3Version" */ = {
			isa = XCConfigurationList;
			buildConfigurations = (
				046A65371DE62A7900F14F40 /* Debug */,
				046A65381DE62A7900F14F40 /* Release */,
			);
			defaultConfigurationIsVisible = 0;
			defaultConfigurationName = Release;
		};
		046A65391DE62A7900F14F40 /* Build configuration list for PBXNativeTarget "SlideOutMenuSwift3Version" */ = {
			isa = XCConfigurationList;
			buildConfigurations = (
				046A653A1DE62A7900F14F40 /* Debug */,
				046A653B1DE62A7900F14F40 /* Release */,
			);
			defaultConfigurationIsVisible = 0;
			defaultConfigurationName = Release;
		};
/* End XCConfigurationList section */
	};
	rootObject = 046A651F1DE62A7900F14F40 /* Project object */;
}
